<?xml version="1.0" encoding="utf-8"?>
<Project ToolsVersion="4.0" xmlns="http://schemas.microsoft.com/developer/msbuild/2003">
  <ItemGroup>
    <Filter Include="Scenes">
      <UniqueIdentifier>{f4d23a59-88b4-4935-a1a2-0856eed63c7a}</UniqueIdentifier>
    </Filter>
    <Filter Include="Contents">
      <UniqueIdentifier>{2b86433c-85f7-4825-a604-cf91382135b1}</UniqueIdentifier>
    </Filter>
    <Filter Include="Resource">
      <UniqueIdentifier>{c6e39708-4bb5-4b36-b430-be461293f79d}</UniqueIdentifier>
    </Filter>
    <Filter Include="InputComponent">
      <UniqueIdentifier>{30e3702e-2ba0-430c-bd36-c35f97b61d5c}</UniqueIdentifier>
    </Filter>
  </ItemGroup>
  <ItemGroup>
    <ClInclude Include="LogHLoadScene.h">
      <Filter>Scenes</Filter>
    </ClInclude>
    <ClInclude Include="LogHPlayScene.h">
      <Filter>Scenes</Filter>
    </ClInclude>
    <ClInclude Include="LogHEndScene.h">
      <Filter>Scenes</Filter>
    </ClInclude>
    <ClInclude Include="LogHTitleScene.h">
      <Filter>Scenes</Filter>
    </ClInclude>
    <ClInclude Include="LogHPlayerCharacter.h">
      <Filter>Contents</Filter>
    </ClInclude>
    <ClInclude Include="LogHLoadResources.h">
      <Filter>Resource</Filter>
    </ClInclude>
    <ClInclude Include="LogHPlayerInputComponent.h">
      <Filter>InputComponent</Filter>
    </ClInclude>
  </ItemGroup>
  <ItemGroup>
    <ClCompile Include="LogHPlayScene.cpp">
      <Filter>Scenes</Filter>
    </ClCompile>
    <ClCompile Include="LogHEndScene.cpp">
      <Filter>Scenes</Filter>
    </ClCompile>
    <ClCompile Include="LogHTitleScene.cpp">
      <Filter>Scenes</Filter>
    </ClCompile>
    <ClCompile Include="LogHPlayerCharacter.cpp">
      <Filter>Contents</Filter>
    </ClCompile>
    <ClCompile Include="LogHPlayerInputComponent.cpp">
      <Filter>InputComponent</Filter>
    </ClCompile>
  </ItemGroup>
</Project>